
Microsoft Visual Studio Solution File, Format Version 12.00
# Visual Studio Version 16
VisualStudioVersion = 16.0.28803.202
MinimumVisualStudioVersion = 10.0.40219.1
Project("{FAE04EC0-301F-11D3-BF4B-00C04F79EFBC}") = "poidsIdeal", "poidsIdeal\poidsIdeal.csproj", "{3F444C2C-8031-45E8-99D3-B72422BA34F8}"
EndProject
Global
	GlobalSection(SolutionConfigurationPlatforms) = preSolution
		Debug|Any CPU = Debug|Any CPU
		Release|Any CPU = Release|Any CPU
	EndGlobalSection
	GlobalSection(ProjectConfigurationPlatforms) = postSolution
		{3F444C2C-8031-45E8-99D3-B72422BA34F8}.Debug|Any CPU.ActiveCfg = Debug|Any CPU
		{3F444C2C-8031-45E8-99D3-B72422BA34F8}.Debug|Any CPU.Build.0 = Debug|Any CPU
		{3F444C2C-8031-45E8-99D3-B72422BA34F8}.Release|Any CPU.ActiveCfg = Release|Any CPU
		{3F444C2C-8031-45E8-99D3-B72422BA34F8}.Release|Any CPU.Build.0 = Release|Any CPU
	EndGlobalSection
	GlobalSection(SolutionProperties) = preSolution
		HideSolutionNode = FALSE
	EndGlobalSection
	GlobalSection(ExtensibilityGlobals) = postSolution
		SolutionGuid = {CF371526-AC4C-4365-B1F4-83AF59247D35}
	EndGlobalSection
EndGlobal
