
Microsoft Visual Studio Solution File, Format Version 12.00
# Visual Studio Version 16
VisualStudioVersion = 16.0.30503.244
MinimumVisualStudioVersion = 10.0.40219.1
Project("{FAE04EC0-301F-11D3-BF4B-00C04F79EFBC}") = "TPVelos", "TPVelos\TPVelos.csproj", "{8C788441-05A4-499F-94D0-358FD129DCBA}"
EndProject
Global
	GlobalSection(SolutionConfigurationPlatforms) = preSolution
		Debug|Any CPU = Debug|Any CPU
		Release|Any CPU = Release|Any CPU
	EndGlobalSection
	GlobalSection(ProjectConfigurationPlatforms) = postSolution
		{8C788441-05A4-499F-94D0-358FD129DCBA}.Debug|Any CPU.ActiveCfg = Debug|Any CPU
		{8C788441-05A4-499F-94D0-358FD129DCBA}.Debug|Any CPU.Build.0 = Debug|Any CPU
		{8C788441-05A4-499F-94D0-358FD129DCBA}.Release|Any CPU.ActiveCfg = Release|Any CPU
		{8C788441-05A4-499F-94D0-358FD129DCBA}.Release|Any CPU.Build.0 = Release|Any CPU
	EndGlobalSection
	GlobalSection(SolutionProperties) = preSolution
		HideSolutionNode = FALSE
	EndGlobalSection
	GlobalSection(ExtensibilityGlobals) = postSolution
		SolutionGuid = {14B79E9B-D63C-4413-9201-190E4E1146AB}
	EndGlobalSection
EndGlobal
