
Microsoft Visual Studio Solution File, Format Version 12.00
# Visual Studio Version 16
VisualStudioVersion = 16.0.30503.244
MinimumVisualStudioVersion = 10.0.40219.1
Project("{FAE04EC0-301F-11D3-BF4B-00C04F79EFBC}") = "SHOM", "SHOM\SHOM.csproj", "{F978D504-48BF-479A-99A3-966EC01D483F}"
EndProject
Global
	GlobalSection(SolutionConfigurationPlatforms) = preSolution
		Debug|Any CPU = Debug|Any CPU
		Release|Any CPU = Release|Any CPU
	EndGlobalSection
	GlobalSection(ProjectConfigurationPlatforms) = postSolution
		{F978D504-48BF-479A-99A3-966EC01D483F}.Debug|Any CPU.ActiveCfg = Debug|Any CPU
		{F978D504-48BF-479A-99A3-966EC01D483F}.Debug|Any CPU.Build.0 = Debug|Any CPU
		{F978D504-48BF-479A-99A3-966EC01D483F}.Release|Any CPU.ActiveCfg = Release|Any CPU
		{F978D504-48BF-479A-99A3-966EC01D483F}.Release|Any CPU.Build.0 = Release|Any CPU
	EndGlobalSection
	GlobalSection(SolutionProperties) = preSolution
		HideSolutionNode = FALSE
	EndGlobalSection
	GlobalSection(ExtensibilityGlobals) = postSolution
		SolutionGuid = {4A389B18-C7F2-447E-AA2E-99008B2FBF91}
	EndGlobalSection
EndGlobal
